
Microsoft Visual Studio Solution File, Format Version 12.00
# Visual Studio Version 17
VisualStudioVersion = 17.0.31903.59
MinimumVisualStudioVersion = 10.0.40219.1
Project("{2150E333-8FDC-42A3-9474-1A3956D46DE8}") = "src", "src", "{827E0CD3-B72D-47B6-A68D-7590B98EB39B}"
EndProject
Project("{FAE04EC0-301F-11D3-BF4B-00C04F79EFBC}") = "NetDid.Core", "src\NetDid.Core\NetDid.Core.csproj", "{7169C5D5-9FB1-48C6-9295-20539F2EF861}"
EndProject
Project("{2150E333-8FDC-42A3-9474-1A3956D46DE8}") = "tests", "tests", "{0AB3BF05-4346-4AA6-1389-037BE0695223}"
EndProject
Project("{FAE04EC0-301F-11D3-BF4B-00C04F79EFBC}") = "NetDid.Core.Tests", "tests\NetDid.Core.Tests\NetDid.Core.Tests.csproj", "{B00EF441-0D63-403F-83B4-B02D362240A6}"
EndProject
Project("{FAE04EC0-301F-11D3-BF4B-00C04F79EFBC}") = "NetDid.Method.Key", "src\NetDid.Method.Key\NetDid.Method.Key.csproj", "{0373E728-A77F-482A-97B8-4B4A8783BE97}"
EndProject
Project("{FAE04EC0-301F-11D3-BF4B-00C04F79EFBC}") = "NetDid.Method.Peer", "src\NetDid.Method.Peer\NetDid.Method.Peer.csproj", "{E8CEF0D7-1370-456B-A751-5CE4EA451661}"
EndProject
Project("{FAE04EC0-301F-11D3-BF4B-00C04F79EFBC}") = "NetDid.Method.Key.Tests", "tests\NetDid.Method.Key.Tests\NetDid.Method.Key.Tests.csproj", "{ACE85AD6-0DFF-4E4B-97F7-103620B430A2}"
EndProject
Project("{FAE04EC0-301F-11D3-BF4B-00C04F79EFBC}") = "NetDid.Method.Peer.Tests", "tests\NetDid.Method.Peer.Tests\NetDid.Method.Peer.Tests.csproj", "{56D56FCA-3D9F-4B41-8336-9D9A0432EEB5}"
EndProject
Project("{2150E333-8FDC-42A3-9474-1A3956D46DE8}") = "samples", "samples", "{5D20AA90-6969-D8BD-9DCD-8634F4692FDA}"
EndProject
Project("{FAE04EC0-301F-11D3-BF4B-00C04F79EFBC}") = "NetDid.Samples", "samples\NetDid.Samples\NetDid.Samples.csproj", "{6A6BD057-16D5-4898-9024-6B4C3C52B44B}"
EndProject
Global
	GlobalSection(SolutionConfigurationPlatforms) = preSolution
		Debug|Any CPU = Debug|Any CPU
		Debug|x64 = Debug|x64
		Debug|x86 = Debug|x86
		Release|Any CPU = Release|Any CPU
		Release|x64 = Release|x64
		Release|x86 = Release|x86
	EndGlobalSection
	GlobalSection(ProjectConfigurationPlatforms) = postSolution
		{7169C5D5-9FB1-48C6-9295-20539F2EF861}.Debug|Any CPU.ActiveCfg = Debug|Any CPU
		{7169C5D5-9FB1-48C6-9295-20539F2EF861}.Debug|Any CPU.Build.0 = Debug|Any CPU
		{7169C5D5-9FB1-48C6-9295-20539F2EF861}.Debug|x64.ActiveCfg = Debug|Any CPU
		{7169C5D5-9FB1-48C6-9295-20539F2EF861}.Debug|x64.Build.0 = Debug|Any CPU
		{7169C5D5-9FB1-48C6-9295-20539F2EF861}.Debug|x86.ActiveCfg = Debug|Any CPU
		{7169C5D5-9FB1-48C6-9295-20539F2EF861}.Debug|x86.Build.0 = Debug|Any CPU
		{7169C5D5-9FB1-48C6-9295-20539F2EF861}.Release|Any CPU.ActiveCfg = Release|Any CPU
		{7169C5D5-9FB1-48C6-9295-20539F2EF861}.Release|Any CPU.Build.0 = Release|Any CPU
		{7169C5D5-9FB1-48C6-9295-20539F2EF861}.Release|x64.ActiveCfg = Release|Any CPU
		{7169C5D5-9FB1-48C6-9295-20539F2EF861}.Release|x64.Build.0 = Release|Any CPU
		{7169C5D5-9FB1-48C6-9295-20539F2EF861}.Release|x86.ActiveCfg = Release|Any CPU
		{7169C5D5-9FB1-48C6-9295-20539F2EF861}.Release|x86.Build.0 = Release|Any CPU
		{B00EF441-0D63-403F-83B4-B02D362240A6}.Debug|Any CPU.ActiveCfg = Debug|Any CPU
		{B00EF441-0D63-403F-83B4-B02D362240A6}.Debug|Any CPU.Build.0 = Debug|Any CPU
		{B00EF441-0D63-403F-83B4-B02D362240A6}.Debug|x64.ActiveCfg = Debug|Any CPU
		{B00EF441-0D63-403F-83B4-B02D362240A6}.Debug|x64.Build.0 = Debug|Any CPU
		{B00EF441-0D63-403F-83B4-B02D362240A6}.Debug|x86.ActiveCfg = Debug|Any CPU
		{B00EF441-0D63-403F-83B4-B02D362240A6}.Debug|x86.Build.0 = Debug|Any CPU
		{B00EF441-0D63-403F-83B4-B02D362240A6}.Release|Any CPU.ActiveCfg = Release|Any CPU
		{B00EF441-0D63-403F-83B4-B02D362240A6}.Release|Any CPU.Build.0 = Release|Any CPU
		{B00EF441-0D63-403F-83B4-B02D362240A6}.Release|x64.ActiveCfg = Release|Any CPU
		{B00EF441-0D63-403F-83B4-B02D362240A6}.Release|x64.Build.0 = Release|Any CPU
		{B00EF441-0D63-403F-83B4-B02D362240A6}.Release|x86.ActiveCfg = Release|Any CPU
		{B00EF441-0D63-403F-83B4-B02D362240A6}.Release|x86.Build.0 = Release|Any CPU
		{0373E728-A77F-482A-97B8-4B4A8783BE97}.Debug|Any CPU.ActiveCfg = Debug|Any CPU
		{0373E728-A77F-482A-97B8-4B4A8783BE97}.Debug|Any CPU.Build.0 = Debug|Any CPU
		{0373E728-A77F-482A-97B8-4B4A8783BE97}.Debug|x64.ActiveCfg = Debug|Any CPU
		{0373E728-A77F-482A-97B8-4B4A8783BE97}.Debug|x64.Build.0 = Debug|Any CPU
		{0373E728-A77F-482A-97B8-4B4A8783BE97}.Debug|x86.ActiveCfg = Debug|Any CPU
		{0373E728-A77F-482A-97B8-4B4A8783BE97}.Debug|x86.Build.0 = Debug|Any CPU
		{0373E728-A77F-482A-97B8-4B4A8783BE97}.Release|Any CPU.ActiveCfg = Release|Any CPU
		{0373E728-A77F-482A-97B8-4B4A8783BE97}.Release|Any CPU.Build.0 = Release|Any CPU
		{0373E728-A77F-482A-97B8-4B4A8783BE97}.Release|x64.ActiveCfg = Release|Any CPU
		{0373E728-A77F-482A-97B8-4B4A8783BE97}.Release|x64.Build.0 = Release|Any CPU
		{0373E728-A77F-482A-97B8-4B4A8783BE97}.Release|x86.ActiveCfg = Release|Any CPU
		{0373E728-A77F-482A-97B8-4B4A8783BE97}.Release|x86.Build.0 = Release|Any CPU
		{E8CEF0D7-1370-456B-A751-5CE4EA451661}.Debug|Any CPU.ActiveCfg = Debug|Any CPU
		{E8CEF0D7-1370-456B-A751-5CE4EA451661}.Debug|Any CPU.Build.0 = Debug|Any CPU
		{E8CEF0D7-1370-456B-A751-5CE4EA451661}.Debug|x64.ActiveCfg = Debug|Any CPU
		{E8CEF0D7-1370-456B-A751-5CE4EA451661}.Debug|x64.Build.0 = Debug|Any CPU
		{E8CEF0D7-1370-456B-A751-5CE4EA451661}.Debug|x86.ActiveCfg = Debug|Any CPU
		{E8CEF0D7-1370-456B-A751-5CE4EA451661}.Debug|x86.Build.0 = Debug|Any CPU
		{E8CEF0D7-1370-456B-A751-5CE4EA451661}.Release|Any CPU.ActiveCfg = Release|Any CPU
		{E8CEF0D7-1370-456B-A751-5CE4EA451661}.Release|Any CPU.Build.0 = Release|Any CPU
		{E8CEF0D7-1370-456B-A751-5CE4EA451661}.Release|x64.ActiveCfg = Release|Any CPU
		{E8CEF0D7-1370-456B-A751-5CE4EA451661}.Release|x64.Build.0 = Release|Any CPU
		{E8CEF0D7-1370-456B-A751-5CE4EA451661}.Release|x86.ActiveCfg = Release|Any CPU
		{E8CEF0D7-1370-456B-A751-5CE4EA451661}.Release|x86.Build.0 = Release|Any CPU
		{ACE85AD6-0DFF-4E4B-97F7-103620B430A2}.Debug|Any CPU.ActiveCfg = Debug|Any CPU
		{ACE85AD6-0DFF-4E4B-97F7-103620B430A2}.Debug|Any CPU.Build.0 = Debug|Any CPU
		{ACE85AD6-0DFF-4E4B-97F7-103620B430A2}.Debug|x64.ActiveCfg = Debug|Any CPU
		{ACE85AD6-0DFF-4E4B-97F7-103620B430A2}.Debug|x64.Build.0 = Debug|Any CPU
		{ACE85AD6-0DFF-4E4B-97F7-103620B430A2}.Debug|x86.ActiveCfg = Debug|Any CPU
		{ACE85AD6-0DFF-4E4B-97F7-103620B430A2}.Debug|x86.Build.0 = Debug|Any CPU
		{ACE85AD6-0DFF-4E4B-97F7-103620B430A2}.Release|Any CPU.ActiveCfg = Release|Any CPU
		{ACE85AD6-0DFF-4E4B-97F7-103620B430A2}.Release|Any CPU.Build.0 = Release|Any CPU
		{ACE85AD6-0DFF-4E4B-97F7-103620B430A2}.Release|x64.ActiveCfg = Release|Any CPU
		{ACE85AD6-0DFF-4E4B-97F7-103620B430A2}.Release|x64.Build.0 = Release|Any CPU
		{ACE85AD6-0DFF-4E4B-97F7-103620B430A2}.Release|x86.ActiveCfg = Release|Any CPU
		{ACE85AD6-0DFF-4E4B-97F7-103620B430A2}.Release|x86.Build.0 = Release|Any CPU
		{56D56FCA-3D9F-4B41-8336-9D9A0432EEB5}.Debug|Any CPU.ActiveCfg = Debug|Any CPU
		{56D56FCA-3D9F-4B41-8336-9D9A0432EEB5}.Debug|Any CPU.Build.0 = Debug|Any CPU
		{56D56FCA-3D9F-4B41-8336-9D9A0432EEB5}.Debug|x64.ActiveCfg = Debug|Any CPU
		{56D56FCA-3D9F-4B41-8336-9D9A0432EEB5}.Debug|x64.Build.0 = Debug|Any CPU
		{56D56FCA-3D9F-4B41-8336-9D9A0432EEB5}.Debug|x86.ActiveCfg = Debug|Any CPU
		{56D56FCA-3D9F-4B41-8336-9D9A0432EEB5}.Debug|x86.Build.0 = Debug|Any CPU
		{56D56FCA-3D9F-4B41-8336-9D9A0432EEB5}.Release|Any CPU.ActiveCfg = Release|Any CPU
		{56D56FCA-3D9F-4B41-8336-9D9A0432EEB5}.Release|Any CPU.Build.0 = Release|Any CPU
		{56D56FCA-3D9F-4B41-8336-9D9A0432EEB5}.Release|x64.ActiveCfg = Release|Any CPU
		{56D56FCA-3D9F-4B41-8336-9D9A0432EEB5}.Release|x64.Build.0 = Release|Any CPU
		{56D56FCA-3D9F-4B41-8336-9D9A0432EEB5}.Release|x86.ActiveCfg = Release|Any CPU
		{56D56FCA-3D9F-4B41-8336-9D9A0432EEB5}.Release|x86.Build.0 = Release|Any CPU
		{6A6BD057-16D5-4898-9024-6B4C3C52B44B}.Debug|Any CPU.ActiveCfg = Debug|Any CPU
		{6A6BD057-16D5-4898-9024-6B4C3C52B44B}.Debug|Any CPU.Build.0 = Debug|Any CPU
		{6A6BD057-16D5-4898-9024-6B4C3C52B44B}.Debug|x64.ActiveCfg = Debug|Any CPU
		{6A6BD057-16D5-4898-9024-6B4C3C52B44B}.Debug|x64.Build.0 = Debug|Any CPU
		{6A6BD057-16D5-4898-9024-6B4C3C52B44B}.Debug|x86.ActiveCfg = Debug|Any CPU
		{6A6BD057-16D5-4898-9024-6B4C3C52B44B}.Debug|x86.Build.0 = Debug|Any CPU
		{6A6BD057-16D5-4898-9024-6B4C3C52B44B}.Release|Any CPU.ActiveCfg = Release|Any CPU
		{6A6BD057-16D5-4898-9024-6B4C3C52B44B}.Release|Any CPU.Build.0 = Release|Any CPU
		{6A6BD057-16D5-4898-9024-6B4C3C52B44B}.Release|x64.ActiveCfg = Release|Any CPU
		{6A6BD057-16D5-4898-9024-6B4C3C52B44B}.Release|x64.Build.0 = Release|Any CPU
		{6A6BD057-16D5-4898-9024-6B4C3C52B44B}.Release|x86.ActiveCfg = Release|Any CPU
		{6A6BD057-16D5-4898-9024-6B4C3C52B44B}.Release|x86.Build.0 = Release|Any CPU
	EndGlobalSection
	GlobalSection(SolutionProperties) = preSolution
		HideSolutionNode = FALSE
	EndGlobalSection
	GlobalSection(NestedProjects) = preSolution
		{7169C5D5-9FB1-48C6-9295-20539F2EF861} = {827E0CD3-B72D-47B6-A68D-7590B98EB39B}
		{B00EF441-0D63-403F-83B4-B02D362240A6} = {0AB3BF05-4346-4AA6-1389-037BE0695223}
		{0373E728-A77F-482A-97B8-4B4A8783BE97} = {827E0CD3-B72D-47B6-A68D-7590B98EB39B}
		{E8CEF0D7-1370-456B-A751-5CE4EA451661} = {827E0CD3-B72D-47B6-A68D-7590B98EB39B}
		{ACE85AD6-0DFF-4E4B-97F7-103620B430A2} = {0AB3BF05-4346-4AA6-1389-037BE0695223}
		{56D56FCA-3D9F-4B41-8336-9D9A0432EEB5} = {0AB3BF05-4346-4AA6-1389-037BE0695223}
		{6A6BD057-16D5-4898-9024-6B4C3C52B44B} = {5D20AA90-6969-D8BD-9DCD-8634F4692FDA}
	EndGlobalSection
EndGlobal
