
Microsoft Visual Studio Solution File, Format Version 12.00
# Visual Studio Version 17
VisualStudioVersion = 17.0.31903.59
MinimumVisualStudioVersion = 10.0.40219.1
Project("{2150E333-8FDC-42A3-9474-1A3956D46DE8}") = "src", "src", "{827E0CD3-B72D-47B6-A68D-7590B98EB39B}"
EndProject
Project("{FAE04EC0-301F-11D3-BF4B-00C04F79EFBC}") = "NetDid.Core", "src\NetDid.Core\NetDid.Core.csproj", "{7169C5D5-9FB1-48C6-9295-20539F2EF861}"
EndProject
Project("{2150E333-8FDC-42A3-9474-1A3956D46DE8}") = "tests", "tests", "{0AB3BF05-4346-4AA6-1389-037BE0695223}"
EndProject
Project("{FAE04EC0-301F-11D3-BF4B-00C04F79EFBC}") = "NetDid.Core.Tests", "tests\NetDid.Core.Tests\NetDid.Core.Tests.csproj", "{B00EF441-0D63-403F-83B4-B02D362240A6}"
EndProject
Project("{FAE04EC0-301F-11D3-BF4B-00C04F79EFBC}") = "NetDid.Method.Key", "src\NetDid.Method.Key\NetDid.Method.Key.csproj", "{0373E728-A77F-482A-97B8-4B4A8783BE97}"
EndProject
Project("{FAE04EC0-301F-11D3-BF4B-00C04F79EFBC}") = "NetDid.Method.Peer", "src\NetDid.Method.Peer\NetDid.Method.Peer.csproj", "{E8CEF0D7-1370-456B-A751-5CE4EA451661}"
EndProject
Project("{FAE04EC0-301F-11D3-BF4B-00C04F79EFBC}") = "NetDid.Method.Key.Tests", "tests\NetDid.Method.Key.Tests\NetDid.Method.Key.Tests.csproj", "{ACE85AD6-0DFF-4E4B-97F7-103620B430A2}"
EndProject
Project("{FAE04EC0-301F-11D3-BF4B-00C04F79EFBC}") = "NetDid.Method.Peer.Tests", "tests\NetDid.Method.Peer.Tests\NetDid.Method.Peer.Tests.csproj", "{56D56FCA-3D9F-4B41-8336-9D9A0432EEB5}"
EndProject
Project("{FAE04EC0-301F-11D3-BF4B-00C04F79EFBC}") = "NetDid.Tests.W3CConformance", "tests\NetDid.Tests.W3CConformance\NetDid.Tests.W3CConformance.csproj", "{2F5FBFFB-5814-45F3-8776-1364070B6D11}"
EndProject
Project("{FAE04EC0-301F-11D3-BF4B-00C04F79EFBC}") = "NetDid.Method.WebVh", "src\NetDid.Method.WebVh\NetDid.Method.WebVh.csproj", "{DED6F705-CA39-4F5C-B89B-FA1E9EDDCCFB}"
EndProject
Project("{FAE04EC0-301F-11D3-BF4B-00C04F79EFBC}") = "NetDid.Method.WebVh.Tests", "tests\NetDid.Method.WebVh.Tests\NetDid.Method.WebVh.Tests.csproj", "{5B9BCD15-01DD-43FB-9702-04E451638D38}"
EndProject
Project("{FAE04EC0-301F-11D3-BF4B-00C04F79EFBC}") = "NetDid.Extensions.DependencyInjection", "src\NetDid.Extensions.DependencyInjection\NetDid.Extensions.DependencyInjection.csproj", "{E7CDD0BD-52F0-4569-88F3-FEC0EA65B34D}"
EndProject
Project("{FAE04EC0-301F-11D3-BF4B-00C04F79EFBC}") = "NetDid.Extensions.DependencyInjection.Tests", "tests\NetDid.Extensions.DependencyInjection.Tests\NetDid.Extensions.DependencyInjection.Tests.csproj", "{8196A48D-527C-470F-B0D1-2D8CB71EAAD4}"
EndProject
Project("{2150E333-8FDC-42A3-9474-1A3956D46DE8}") = "samples", "samples", "{5D20AA90-6969-D8BD-9DCD-8634F4692FDA}"
EndProject
Project("{FAE04EC0-301F-11D3-BF4B-00C04F79EFBC}") = "NetDid.Samples.DidKey", "samples\NetDid.Samples.DidKey\NetDid.Samples.DidKey.csproj", "{9DCFCB18-59B5-437E-876C-5D3FEA1ACF35}"
EndProject
Project("{FAE04EC0-301F-11D3-BF4B-00C04F79EFBC}") = "NetDid.Samples.DidPeer", "samples\NetDid.Samples.DidPeer\NetDid.Samples.DidPeer.csproj", "{C29790DD-AD66-4F4B-B971-A98914788867}"
EndProject
Project("{FAE04EC0-301F-11D3-BF4B-00C04F79EFBC}") = "NetDid.Samples.DidWebVh", "samples\NetDid.Samples.DidWebVh\NetDid.Samples.DidWebVh.csproj", "{1D67618D-3797-4242-8483-82C63F68C076}"
EndProject
Project("{FAE04EC0-301F-11D3-BF4B-00C04F79EFBC}") = "NetDid.Samples.DependencyInjection", "samples\NetDid.Samples.DependencyInjection\NetDid.Samples.DependencyInjection.csproj", "{E344076D-4424-4D01-83B6-020878AECF67}"
EndProject
Project("{2150E333-8FDC-42A3-9474-1A3956D46DE8}") = "tools", "tools", "{07C2787E-EAC7-C090-1BA3-A61EC2A24D84}"
EndProject
Project("{FAE04EC0-301F-11D3-BF4B-00C04F79EFBC}") = "NetDid.Tools.WebVhCli", "tools\NetDid.Tools.WebVhCli\NetDid.Tools.WebVhCli.csproj", "{1D4586CD-A229-48AF-B802-DA57791FC183}"
EndProject
Global
	GlobalSection(SolutionConfigurationPlatforms) = preSolution
		Debug|Any CPU = Debug|Any CPU
		Debug|x64 = Debug|x64
		Debug|x86 = Debug|x86
		Release|Any CPU = Release|Any CPU
		Release|x64 = Release|x64
		Release|x86 = Release|x86
	EndGlobalSection
	GlobalSection(ProjectConfigurationPlatforms) = postSolution
		{7169C5D5-9FB1-48C6-9295-20539F2EF861}.Debug|Any CPU.ActiveCfg = Debug|Any CPU
		{7169C5D5-9FB1-48C6-9295-20539F2EF861}.Debug|Any CPU.Build.0 = Debug|Any CPU
		{7169C5D5-9FB1-48C6-9295-20539F2EF861}.Debug|x64.ActiveCfg = Debug|Any CPU
		{7169C5D5-9FB1-48C6-9295-20539F2EF861}.Debug|x64.Build.0 = Debug|Any CPU
		{7169C5D5-9FB1-48C6-9295-20539F2EF861}.Debug|x86.ActiveCfg = Debug|Any CPU
		{7169C5D5-9FB1-48C6-9295-20539F2EF861}.Debug|x86.Build.0 = Debug|Any CPU
		{7169C5D5-9FB1-48C6-9295-20539F2EF861}.Release|Any CPU.ActiveCfg = Release|Any CPU
		{7169C5D5-9FB1-48C6-9295-20539F2EF861}.Release|Any CPU.Build.0 = Release|Any CPU
		{7169C5D5-9FB1-48C6-9295-20539F2EF861}.Release|x64.ActiveCfg = Release|Any CPU
		{7169C5D5-9FB1-48C6-9295-20539F2EF861}.Release|x64.Build.0 = Release|Any CPU
		{7169C5D5-9FB1-48C6-9295-20539F2EF861}.Release|x86.ActiveCfg = Release|Any CPU
		{7169C5D5-9FB1-48C6-9295-20539F2EF861}.Release|x86.Build.0 = Release|Any CPU
		{B00EF441-0D63-403F-83B4-B02D362240A6}.Debug|Any CPU.ActiveCfg = Debug|Any CPU
		{B00EF441-0D63-403F-83B4-B02D362240A6}.Debug|Any CPU.Build.0 = Debug|Any CPU
		{B00EF441-0D63-403F-83B4-B02D362240A6}.Debug|x64.ActiveCfg = Debug|Any CPU
		{B00EF441-0D63-403F-83B4-B02D362240A6}.Debug|x64.Build.0 = Debug|Any CPU
		{B00EF441-0D63-403F-83B4-B02D362240A6}.Debug|x86.ActiveCfg = Debug|Any CPU
		{B00EF441-0D63-403F-83B4-B02D362240A6}.Debug|x86.Build.0 = Debug|Any CPU
		{B00EF441-0D63-403F-83B4-B02D362240A6}.Release|Any CPU.ActiveCfg = Release|Any CPU
		{B00EF441-0D63-403F-83B4-B02D362240A6}.Release|Any CPU.Build.0 = Release|Any CPU
		{B00EF441-0D63-403F-83B4-B02D362240A6}.Release|x64.ActiveCfg = Release|Any CPU
		{B00EF441-0D63-403F-83B4-B02D362240A6}.Release|x64.Build.0 = Release|Any CPU
		{B00EF441-0D63-403F-83B4-B02D362240A6}.Release|x86.ActiveCfg = Release|Any CPU
		{B00EF441-0D63-403F-83B4-B02D362240A6}.Release|x86.Build.0 = Release|Any CPU
		{0373E728-A77F-482A-97B8-4B4A8783BE97}.Debug|Any CPU.ActiveCfg = Debug|Any CPU
		{0373E728-A77F-482A-97B8-4B4A8783BE97}.Debug|Any CPU.Build.0 = Debug|Any CPU
		{0373E728-A77F-482A-97B8-4B4A8783BE97}.Debug|x64.ActiveCfg = Debug|Any CPU
		{0373E728-A77F-482A-97B8-4B4A8783BE97}.Debug|x64.Build.0 = Debug|Any CPU
		{0373E728-A77F-482A-97B8-4B4A8783BE97}.Debug|x86.ActiveCfg = Debug|Any CPU
		{0373E728-A77F-482A-97B8-4B4A8783BE97}.Debug|x86.Build.0 = Debug|Any CPU
		{0373E728-A77F-482A-97B8-4B4A8783BE97}.Release|Any CPU.ActiveCfg = Release|Any CPU
		{0373E728-A77F-482A-97B8-4B4A8783BE97}.Release|Any CPU.Build.0 = Release|Any CPU
		{0373E728-A77F-482A-97B8-4B4A8783BE97}.Release|x64.ActiveCfg = Release|Any CPU
		{0373E728-A77F-482A-97B8-4B4A8783BE97}.Release|x64.Build.0 = Release|Any CPU
		{0373E728-A77F-482A-97B8-4B4A8783BE97}.Release|x86.ActiveCfg = Release|Any CPU
		{0373E728-A77F-482A-97B8-4B4A8783BE97}.Release|x86.Build.0 = Release|Any CPU
		{E8CEF0D7-1370-456B-A751-5CE4EA451661}.Debug|Any CPU.ActiveCfg = Debug|Any CPU
		{E8CEF0D7-1370-456B-A751-5CE4EA451661}.Debug|Any CPU.Build.0 = Debug|Any CPU
		{E8CEF0D7-1370-456B-A751-5CE4EA451661}.Debug|x64.ActiveCfg = Debug|Any CPU
		{E8CEF0D7-1370-456B-A751-5CE4EA451661}.Debug|x64.Build.0 = Debug|Any CPU
		{E8CEF0D7-1370-456B-A751-5CE4EA451661}.Debug|x86.ActiveCfg = Debug|Any CPU
		{E8CEF0D7-1370-456B-A751-5CE4EA451661}.Debug|x86.Build.0 = Debug|Any CPU
		{E8CEF0D7-1370-456B-A751-5CE4EA451661}.Release|Any CPU.ActiveCfg = Release|Any CPU
		{E8CEF0D7-1370-456B-A751-5CE4EA451661}.Release|Any CPU.Build.0 = Release|Any CPU
		{E8CEF0D7-1370-456B-A751-5CE4EA451661}.Release|x64.ActiveCfg = Release|Any CPU
		{E8CEF0D7-1370-456B-A751-5CE4EA451661}.Release|x64.Build.0 = Release|Any CPU
		{E8CEF0D7-1370-456B-A751-5CE4EA451661}.Release|x86.ActiveCfg = Release|Any CPU
		{E8CEF0D7-1370-456B-A751-5CE4EA451661}.Release|x86.Build.0 = Release|Any CPU
		{ACE85AD6-0DFF-4E4B-97F7-103620B430A2}.Debug|Any CPU.ActiveCfg = Debug|Any CPU
		{ACE85AD6-0DFF-4E4B-97F7-103620B430A2}.Debug|Any CPU.Build.0 = Debug|Any CPU
		{ACE85AD6-0DFF-4E4B-97F7-103620B430A2}.Debug|x64.ActiveCfg = Debug|Any CPU
		{ACE85AD6-0DFF-4E4B-97F7-103620B430A2}.Debug|x64.Build.0 = Debug|Any CPU
		{ACE85AD6-0DFF-4E4B-97F7-103620B430A2}.Debug|x86.ActiveCfg = Debug|Any CPU
		{ACE85AD6-0DFF-4E4B-97F7-103620B430A2}.Debug|x86.Build.0 = Debug|Any CPU
		{ACE85AD6-0DFF-4E4B-97F7-103620B430A2}.Release|Any CPU.ActiveCfg = Release|Any CPU
		{ACE85AD6-0DFF-4E4B-97F7-103620B430A2}.Release|Any CPU.Build.0 = Release|Any CPU
		{ACE85AD6-0DFF-4E4B-97F7-103620B430A2}.Release|x64.ActiveCfg = Release|Any CPU
		{ACE85AD6-0DFF-4E4B-97F7-103620B430A2}.Release|x64.Build.0 = Release|Any CPU
		{ACE85AD6-0DFF-4E4B-97F7-103620B430A2}.Release|x86.ActiveCfg = Release|Any CPU
		{ACE85AD6-0DFF-4E4B-97F7-103620B430A2}.Release|x86.Build.0 = Release|Any CPU
		{56D56FCA-3D9F-4B41-8336-9D9A0432EEB5}.Debug|Any CPU.ActiveCfg = Debug|Any CPU
		{56D56FCA-3D9F-4B41-8336-9D9A0432EEB5}.Debug|Any CPU.Build.0 = Debug|Any CPU
		{56D56FCA-3D9F-4B41-8336-9D9A0432EEB5}.Debug|x64.ActiveCfg = Debug|Any CPU
		{56D56FCA-3D9F-4B41-8336-9D9A0432EEB5}.Debug|x64.Build.0 = Debug|Any CPU
		{56D56FCA-3D9F-4B41-8336-9D9A0432EEB5}.Debug|x86.ActiveCfg = Debug|Any CPU
		{56D56FCA-3D9F-4B41-8336-9D9A0432EEB5}.Debug|x86.Build.0 = Debug|Any CPU
		{56D56FCA-3D9F-4B41-8336-9D9A0432EEB5}.Release|Any CPU.ActiveCfg = Release|Any CPU
		{56D56FCA-3D9F-4B41-8336-9D9A0432EEB5}.Release|Any CPU.Build.0 = Release|Any CPU
		{56D56FCA-3D9F-4B41-8336-9D9A0432EEB5}.Release|x64.ActiveCfg = Release|Any CPU
		{56D56FCA-3D9F-4B41-8336-9D9A0432EEB5}.Release|x64.Build.0 = Release|Any CPU
		{56D56FCA-3D9F-4B41-8336-9D9A0432EEB5}.Release|x86.ActiveCfg = Release|Any CPU
		{56D56FCA-3D9F-4B41-8336-9D9A0432EEB5}.Release|x86.Build.0 = Release|Any CPU
		{2F5FBFFB-5814-45F3-8776-1364070B6D11}.Debug|Any CPU.ActiveCfg = Debug|Any CPU
		{2F5FBFFB-5814-45F3-8776-1364070B6D11}.Debug|Any CPU.Build.0 = Debug|Any CPU
		{2F5FBFFB-5814-45F3-8776-1364070B6D11}.Debug|x64.ActiveCfg = Debug|Any CPU
		{2F5FBFFB-5814-45F3-8776-1364070B6D11}.Debug|x64.Build.0 = Debug|Any CPU
		{2F5FBFFB-5814-45F3-8776-1364070B6D11}.Debug|x86.ActiveCfg = Debug|Any CPU
		{2F5FBFFB-5814-45F3-8776-1364070B6D11}.Debug|x86.Build.0 = Debug|Any CPU
		{2F5FBFFB-5814-45F3-8776-1364070B6D11}.Release|Any CPU.ActiveCfg = Release|Any CPU
		{2F5FBFFB-5814-45F3-8776-1364070B6D11}.Release|Any CPU.Build.0 = Release|Any CPU
		{2F5FBFFB-5814-45F3-8776-1364070B6D11}.Release|x64.ActiveCfg = Release|Any CPU
		{2F5FBFFB-5814-45F3-8776-1364070B6D11}.Release|x64.Build.0 = Release|Any CPU
		{2F5FBFFB-5814-45F3-8776-1364070B6D11}.Release|x86.ActiveCfg = Release|Any CPU
		{2F5FBFFB-5814-45F3-8776-1364070B6D11}.Release|x86.Build.0 = Release|Any CPU
		{DED6F705-CA39-4F5C-B89B-FA1E9EDDCCFB}.Debug|Any CPU.ActiveCfg = Debug|Any CPU
		{DED6F705-CA39-4F5C-B89B-FA1E9EDDCCFB}.Debug|Any CPU.Build.0 = Debug|Any CPU
		{DED6F705-CA39-4F5C-B89B-FA1E9EDDCCFB}.Debug|x64.ActiveCfg = Debug|Any CPU
		{DED6F705-CA39-4F5C-B89B-FA1E9EDDCCFB}.Debug|x64.Build.0 = Debug|Any CPU
		{DED6F705-CA39-4F5C-B89B-FA1E9EDDCCFB}.Debug|x86.ActiveCfg = Debug|Any CPU
		{DED6F705-CA39-4F5C-B89B-FA1E9EDDCCFB}.Debug|x86.Build.0 = Debug|Any CPU
		{DED6F705-CA39-4F5C-B89B-FA1E9EDDCCFB}.Release|Any CPU.ActiveCfg = Release|Any CPU
		{DED6F705-CA39-4F5C-B89B-FA1E9EDDCCFB}.Release|Any CPU.Build.0 = Release|Any CPU
		{DED6F705-CA39-4F5C-B89B-FA1E9EDDCCFB}.Release|x64.ActiveCfg = Release|Any CPU
		{DED6F705-CA39-4F5C-B89B-FA1E9EDDCCFB}.Release|x64.Build.0 = Release|Any CPU
		{DED6F705-CA39-4F5C-B89B-FA1E9EDDCCFB}.Release|x86.ActiveCfg = Release|Any CPU
		{DED6F705-CA39-4F5C-B89B-FA1E9EDDCCFB}.Release|x86.Build.0 = Release|Any CPU
		{5B9BCD15-01DD-43FB-9702-04E451638D38}.Debug|Any CPU.ActiveCfg = Debug|Any CPU
		{5B9BCD15-01DD-43FB-9702-04E451638D38}.Debug|Any CPU.Build.0 = Debug|Any CPU
		{5B9BCD15-01DD-43FB-9702-04E451638D38}.Debug|x64.ActiveCfg = Debug|Any CPU
		{5B9BCD15-01DD-43FB-9702-04E451638D38}.Debug|x64.Build.0 = Debug|Any CPU
		{5B9BCD15-01DD-43FB-9702-04E451638D38}.Debug|x86.ActiveCfg = Debug|Any CPU
		{5B9BCD15-01DD-43FB-9702-04E451638D38}.Debug|x86.Build.0 = Debug|Any CPU
		{5B9BCD15-01DD-43FB-9702-04E451638D38}.Release|Any CPU.ActiveCfg = Release|Any CPU
		{5B9BCD15-01DD-43FB-9702-04E451638D38}.Release|Any CPU.Build.0 = Release|Any CPU
		{5B9BCD15-01DD-43FB-9702-04E451638D38}.Release|x64.ActiveCfg = Release|Any CPU
		{5B9BCD15-01DD-43FB-9702-04E451638D38}.Release|x64.Build.0 = Release|Any CPU
		{5B9BCD15-01DD-43FB-9702-04E451638D38}.Release|x86.ActiveCfg = Release|Any CPU
		{5B9BCD15-01DD-43FB-9702-04E451638D38}.Release|x86.Build.0 = Release|Any CPU
		{E7CDD0BD-52F0-4569-88F3-FEC0EA65B34D}.Debug|Any CPU.ActiveCfg = Debug|Any CPU
		{E7CDD0BD-52F0-4569-88F3-FEC0EA65B34D}.Debug|Any CPU.Build.0 = Debug|Any CPU
		{E7CDD0BD-52F0-4569-88F3-FEC0EA65B34D}.Debug|x64.ActiveCfg = Debug|Any CPU
		{E7CDD0BD-52F0-4569-88F3-FEC0EA65B34D}.Debug|x64.Build.0 = Debug|Any CPU
		{E7CDD0BD-52F0-4569-88F3-FEC0EA65B34D}.Debug|x86.ActiveCfg = Debug|Any CPU
		{E7CDD0BD-52F0-4569-88F3-FEC0EA65B34D}.Debug|x86.Build.0 = Debug|Any CPU
		{E7CDD0BD-52F0-4569-88F3-FEC0EA65B34D}.Release|Any CPU.ActiveCfg = Release|Any CPU
		{E7CDD0BD-52F0-4569-88F3-FEC0EA65B34D}.Release|Any CPU.Build.0 = Release|Any CPU
		{E7CDD0BD-52F0-4569-88F3-FEC0EA65B34D}.Release|x64.ActiveCfg = Release|Any CPU
		{E7CDD0BD-52F0-4569-88F3-FEC0EA65B34D}.Release|x64.Build.0 = Release|Any CPU
		{E7CDD0BD-52F0-4569-88F3-FEC0EA65B34D}.Release|x86.ActiveCfg = Release|Any CPU
		{E7CDD0BD-52F0-4569-88F3-FEC0EA65B34D}.Release|x86.Build.0 = Release|Any CPU
		{8196A48D-527C-470F-B0D1-2D8CB71EAAD4}.Debug|Any CPU.ActiveCfg = Debug|Any CPU
		{8196A48D-527C-470F-B0D1-2D8CB71EAAD4}.Debug|Any CPU.Build.0 = Debug|Any CPU
		{8196A48D-527C-470F-B0D1-2D8CB71EAAD4}.Debug|x64.ActiveCfg = Debug|Any CPU
		{8196A48D-527C-470F-B0D1-2D8CB71EAAD4}.Debug|x64.Build.0 = Debug|Any CPU
		{8196A48D-527C-470F-B0D1-2D8CB71EAAD4}.Debug|x86.ActiveCfg = Debug|Any CPU
		{8196A48D-527C-470F-B0D1-2D8CB71EAAD4}.Debug|x86.Build.0 = Debug|Any CPU
		{8196A48D-527C-470F-B0D1-2D8CB71EAAD4}.Release|Any CPU.ActiveCfg = Release|Any CPU
		{8196A48D-527C-470F-B0D1-2D8CB71EAAD4}.Release|Any CPU.Build.0 = Release|Any CPU
		{8196A48D-527C-470F-B0D1-2D8CB71EAAD4}.Release|x64.ActiveCfg = Release|Any CPU
		{8196A48D-527C-470F-B0D1-2D8CB71EAAD4}.Release|x64.Build.0 = Release|Any CPU
		{8196A48D-527C-470F-B0D1-2D8CB71EAAD4}.Release|x86.ActiveCfg = Release|Any CPU
		{8196A48D-527C-470F-B0D1-2D8CB71EAAD4}.Release|x86.Build.0 = Release|Any CPU
		{9DCFCB18-59B5-437E-876C-5D3FEA1ACF35}.Debug|Any CPU.ActiveCfg = Debug|Any CPU
		{9DCFCB18-59B5-437E-876C-5D3FEA1ACF35}.Debug|Any CPU.Build.0 = Debug|Any CPU
		{9DCFCB18-59B5-437E-876C-5D3FEA1ACF35}.Debug|x64.ActiveCfg = Debug|Any CPU
		{9DCFCB18-59B5-437E-876C-5D3FEA1ACF35}.Debug|x64.Build.0 = Debug|Any CPU
		{9DCFCB18-59B5-437E-876C-5D3FEA1ACF35}.Debug|x86.ActiveCfg = Debug|Any CPU
		{9DCFCB18-59B5-437E-876C-5D3FEA1ACF35}.Debug|x86.Build.0 = Debug|Any CPU
		{9DCFCB18-59B5-437E-876C-5D3FEA1ACF35}.Release|Any CPU.ActiveCfg = Release|Any CPU
		{9DCFCB18-59B5-437E-876C-5D3FEA1ACF35}.Release|Any CPU.Build.0 = Release|Any CPU
		{9DCFCB18-59B5-437E-876C-5D3FEA1ACF35}.Release|x64.ActiveCfg = Release|Any CPU
		{9DCFCB18-59B5-437E-876C-5D3FEA1ACF35}.Release|x64.Build.0 = Release|Any CPU
		{9DCFCB18-59B5-437E-876C-5D3FEA1ACF35}.Release|x86.ActiveCfg = Release|Any CPU
		{9DCFCB18-59B5-437E-876C-5D3FEA1ACF35}.Release|x86.Build.0 = Release|Any CPU
		{C29790DD-AD66-4F4B-B971-A98914788867}.Debug|Any CPU.ActiveCfg = Debug|Any CPU
		{C29790DD-AD66-4F4B-B971-A98914788867}.Debug|Any CPU.Build.0 = Debug|Any CPU
		{C29790DD-AD66-4F4B-B971-A98914788867}.Debug|x64.ActiveCfg = Debug|Any CPU
		{C29790DD-AD66-4F4B-B971-A98914788867}.Debug|x64.Build.0 = Debug|Any CPU
		{C29790DD-AD66-4F4B-B971-A98914788867}.Debug|x86.ActiveCfg = Debug|Any CPU
		{C29790DD-AD66-4F4B-B971-A98914788867}.Debug|x86.Build.0 = Debug|Any CPU
		{C29790DD-AD66-4F4B-B971-A98914788867}.Release|Any CPU.ActiveCfg = Release|Any CPU
		{C29790DD-AD66-4F4B-B971-A98914788867}.Release|Any CPU.Build.0 = Release|Any CPU
		{C29790DD-AD66-4F4B-B971-A98914788867}.Release|x64.ActiveCfg = Release|Any CPU
		{C29790DD-AD66-4F4B-B971-A98914788867}.Release|x64.Build.0 = Release|Any CPU
		{C29790DD-AD66-4F4B-B971-A98914788867}.Release|x86.ActiveCfg = Release|Any CPU
		{C29790DD-AD66-4F4B-B971-A98914788867}.Release|x86.Build.0 = Release|Any CPU
		{1D67618D-3797-4242-8483-82C63F68C076}.Debug|Any CPU.ActiveCfg = Debug|Any CPU
		{1D67618D-3797-4242-8483-82C63F68C076}.Debug|Any CPU.Build.0 = Debug|Any CPU
		{1D67618D-3797-4242-8483-82C63F68C076}.Debug|x64.ActiveCfg = Debug|Any CPU
		{1D67618D-3797-4242-8483-82C63F68C076}.Debug|x64.Build.0 = Debug|Any CPU
		{1D67618D-3797-4242-8483-82C63F68C076}.Debug|x86.ActiveCfg = Debug|Any CPU
		{1D67618D-3797-4242-8483-82C63F68C076}.Debug|x86.Build.0 = Debug|Any CPU
		{1D67618D-3797-4242-8483-82C63F68C076}.Release|Any CPU.ActiveCfg = Release|Any CPU
		{1D67618D-3797-4242-8483-82C63F68C076}.Release|Any CPU.Build.0 = Release|Any CPU
		{1D67618D-3797-4242-8483-82C63F68C076}.Release|x64.ActiveCfg = Release|Any CPU
		{1D67618D-3797-4242-8483-82C63F68C076}.Release|x64.Build.0 = Release|Any CPU
		{1D67618D-3797-4242-8483-82C63F68C076}.Release|x86.ActiveCfg = Release|Any CPU
		{1D67618D-3797-4242-8483-82C63F68C076}.Release|x86.Build.0 = Release|Any CPU
		{E344076D-4424-4D01-83B6-020878AECF67}.Debug|Any CPU.ActiveCfg = Debug|Any CPU
		{E344076D-4424-4D01-83B6-020878AECF67}.Debug|Any CPU.Build.0 = Debug|Any CPU
		{E344076D-4424-4D01-83B6-020878AECF67}.Debug|x64.ActiveCfg = Debug|Any CPU
		{E344076D-4424-4D01-83B6-020878AECF67}.Debug|x64.Build.0 = Debug|Any CPU
		{E344076D-4424-4D01-83B6-020878AECF67}.Debug|x86.ActiveCfg = Debug|Any CPU
		{E344076D-4424-4D01-83B6-020878AECF67}.Debug|x86.Build.0 = Debug|Any CPU
		{E344076D-4424-4D01-83B6-020878AECF67}.Release|Any CPU.ActiveCfg = Release|Any CPU
		{E344076D-4424-4D01-83B6-020878AECF67}.Release|Any CPU.Build.0 = Release|Any CPU
		{E344076D-4424-4D01-83B6-020878AECF67}.Release|x64.ActiveCfg = Release|Any CPU
		{E344076D-4424-4D01-83B6-020878AECF67}.Release|x64.Build.0 = Release|Any CPU
		{E344076D-4424-4D01-83B6-020878AECF67}.Release|x86.ActiveCfg = Release|Any CPU
		{E344076D-4424-4D01-83B6-020878AECF67}.Release|x86.Build.0 = Release|Any CPU
		{1D4586CD-A229-48AF-B802-DA57791FC183}.Debug|Any CPU.ActiveCfg = Debug|Any CPU
		{1D4586CD-A229-48AF-B802-DA57791FC183}.Debug|Any CPU.Build.0 = Debug|Any CPU
		{1D4586CD-A229-48AF-B802-DA57791FC183}.Debug|x64.ActiveCfg = Debug|Any CPU
		{1D4586CD-A229-48AF-B802-DA57791FC183}.Debug|x64.Build.0 = Debug|Any CPU
		{1D4586CD-A229-48AF-B802-DA57791FC183}.Debug|x86.ActiveCfg = Debug|Any CPU
		{1D4586CD-A229-48AF-B802-DA57791FC183}.Debug|x86.Build.0 = Debug|Any CPU
		{1D4586CD-A229-48AF-B802-DA57791FC183}.Release|Any CPU.ActiveCfg = Release|Any CPU
		{1D4586CD-A229-48AF-B802-DA57791FC183}.Release|Any CPU.Build.0 = Release|Any CPU
		{1D4586CD-A229-48AF-B802-DA57791FC183}.Release|x64.ActiveCfg = Release|Any CPU
		{1D4586CD-A229-48AF-B802-DA57791FC183}.Release|x64.Build.0 = Release|Any CPU
		{1D4586CD-A229-48AF-B802-DA57791FC183}.Release|x86.ActiveCfg = Release|Any CPU
		{1D4586CD-A229-48AF-B802-DA57791FC183}.Release|x86.Build.0 = Release|Any CPU
	EndGlobalSection
	GlobalSection(SolutionProperties) = preSolution
		HideSolutionNode = FALSE
	EndGlobalSection
	GlobalSection(NestedProjects) = preSolution
		{7169C5D5-9FB1-48C6-9295-20539F2EF861} = {827E0CD3-B72D-47B6-A68D-7590B98EB39B}
		{B00EF441-0D63-403F-83B4-B02D362240A6} = {0AB3BF05-4346-4AA6-1389-037BE0695223}
		{0373E728-A77F-482A-97B8-4B4A8783BE97} = {827E0CD3-B72D-47B6-A68D-7590B98EB39B}
		{E8CEF0D7-1370-456B-A751-5CE4EA451661} = {827E0CD3-B72D-47B6-A68D-7590B98EB39B}
		{ACE85AD6-0DFF-4E4B-97F7-103620B430A2} = {0AB3BF05-4346-4AA6-1389-037BE0695223}
		{56D56FCA-3D9F-4B41-8336-9D9A0432EEB5} = {0AB3BF05-4346-4AA6-1389-037BE0695223}
		{2F5FBFFB-5814-45F3-8776-1364070B6D11} = {0AB3BF05-4346-4AA6-1389-037BE0695223}
		{DED6F705-CA39-4F5C-B89B-FA1E9EDDCCFB} = {827E0CD3-B72D-47B6-A68D-7590B98EB39B}
		{5B9BCD15-01DD-43FB-9702-04E451638D38} = {0AB3BF05-4346-4AA6-1389-037BE0695223}
		{E7CDD0BD-52F0-4569-88F3-FEC0EA65B34D} = {827E0CD3-B72D-47B6-A68D-7590B98EB39B}
		{8196A48D-527C-470F-B0D1-2D8CB71EAAD4} = {0AB3BF05-4346-4AA6-1389-037BE0695223}
		{9DCFCB18-59B5-437E-876C-5D3FEA1ACF35} = {5D20AA90-6969-D8BD-9DCD-8634F4692FDA}
		{C29790DD-AD66-4F4B-B971-A98914788867} = {5D20AA90-6969-D8BD-9DCD-8634F4692FDA}
		{1D67618D-3797-4242-8483-82C63F68C076} = {5D20AA90-6969-D8BD-9DCD-8634F4692FDA}
		{E344076D-4424-4D01-83B6-020878AECF67} = {5D20AA90-6969-D8BD-9DCD-8634F4692FDA}
		{1D4586CD-A229-48AF-B802-DA57791FC183} = {07C2787E-EAC7-C090-1BA3-A61EC2A24D84}
	EndGlobalSection
EndGlobal
